
Microsoft Visual Studio Solution File, Format Version 12.00
# Visual Studio 15
Project("{FAE04EC0-301F-11D3-BF4B-00C04F79EFBC}") = "Assembly-CSharp", "Assembly-CSharp.csproj", "{EDBA4F9A-A22D-0F39-F2AC-756A6D1C152C}"
EndProject
Global
	GlobalSection(SolutionConfigurationPlatforms) = preSolution
		Debug|Any CPU = Debug|Any CPU
		Release|Any CPU = Release|Any CPU
	EndGlobalSection
	GlobalSection(ProjectConfigurationPlatforms) = postSolution
		{EDBA4F9A-A22D-0F39-F2AC-756A6D1C152C}.Debug|Any CPU.ActiveCfg = Debug|Any CPU
		{EDBA4F9A-A22D-0F39-F2AC-756A6D1C152C}.Debug|Any CPU.Build.0 = Debug|Any CPU
		{EDBA4F9A-A22D-0F39-F2AC-756A6D1C152C}.Release|Any CPU.ActiveCfg = Release|Any CPU
		{EDBA4F9A-A22D-0F39-F2AC-756A6D1C152C}.Release|Any CPU.Build.0 = Release|Any CPU
	EndGlobalSection
	GlobalSection(SolutionProperties) = preSolution
		HideSolutionNode = FALSE
	EndGlobalSection
EndGlobal
